{
  "requires": true,
  "lockfileVersion": 1,
  "dependencies": {
    "tsparticles": {
      "version": "1.36.0",
      "resolved": "https://registry.npmjs.org/tsparticles/-/tsparticles-1.36.0.tgz",
      "integrity": "sha512-T3tvGmiQ2Q5rOxedjw4OjIFUOy+cQ7LAtlRsHTju4zRtqyebd97vwvDQ+ax7ufmR0CpzfifY3LKqqnx38oYtEg=="
    }
  }
}
